lockfileVersion: '9.0'

settings:
  autoInstallPeers: true
  excludeLinksFromLockfile: false

importers:

  .:
    dependencies:
      '@effect/schema':
        specifier: ^0.71.0
        version: 0.71.0(effect@3.6.4)
      '@supabase/ssr':
        specifier: ^0.3.0
        version: 0.3.0(@supabase/supabase-js@2.45.1)
      '@supabase/supabase-js':
        specifier: ^2.44.4
        version: 2.45.1
      effect:
        specifier: ^3.6.4
        version: 3.6.4
      uuid:
        specifier: ^10.0.0
        version: 10.0.0
    devDependencies:
      '@types/node':
        specifier: 20.11.5
        version: 20.11.5
      '@types/uuid':
        specifier: ^10.0.0
        version: 10.0.0
      prettier:
        specifier: ^3.3.3
        version: 3.3.3
      typescript:
        specifier: 5.3.3
        version: 5.3.3

packages:

  '@effect/schema@0.71.0':
    resolution: {integrity: sha512-rw2AP16bXaejUHAdUm6n86KSzhvZCZA/OYpCoZV+Q1gXNe65lQ2aRYaiSpMUxqK49j6FkcY3MvwehJ8jP7suTA==}
    peerDependencies:
      effect: ^3.6.4

  '@supabase/auth-js@2.64.4':
    resolution: {integrity: sha512-9ITagy4WP4FLl+mke1rchapOH0RQpf++DI+WSG2sO1OFOZ0rW3cwAM0nCrMOxu+Zw4vJ4zObc08uvQrXx590Tg==}

  '@supabase/functions-js@2.4.1':
    resolution: {integrity: sha512-8sZ2ibwHlf+WkHDUZJUXqqmPvWQ3UHN0W30behOJngVh/qHHekhJLCFbh0AjkE9/FqqXtf9eoVvmYgfCLk5tNA==}

  '@supabase/node-fetch@2.6.15':
    resolution: {integrity: sha512-1ibVeYUacxWYi9i0cf5efil6adJ9WRyZBLivgjs+AUpewx1F3xPi7gLgaASI2SmIQxPoCEjAsLAzKPgMJVgOUQ==}
    engines: {node: 4.x || >=6.0.0}

  '@supabase/postgrest-js@1.15.8':
    resolution: {integrity: sha512-YunjXpoQjQ0a0/7vGAvGZA2dlMABXFdVI/8TuVKtlePxyT71sl6ERl6ay1fmIeZcqxiuFQuZw/LXUuStUG9bbg==}

  '@supabase/realtime-js@2.10.2':
    resolution: {integrity: sha512-qyCQaNg90HmJstsvr2aJNxK2zgoKh9ZZA8oqb7UT2LCh3mj9zpa3Iwu167AuyNxsxrUE8eEJ2yH6wLCij4EApA==}

  '@supabase/ssr@0.3.0':
    resolution: {integrity: sha512-lcVyQ7H6eumb2FB1Wa2N+jYWMfq6CFza3KapikT0fgttMQ+QvDgpNogx9jI8bZgKds+XFSMCojxFvFb+gwdbfA==}
    peerDependencies:
      '@supabase/supabase-js': ^2.33.1

  '@supabase/storage-js@2.6.0':
    resolution: {integrity: sha512-REAxr7myf+3utMkI2oOmZ6sdplMZZ71/2NEIEMBZHL9Fkmm3/JnaOZVSRqvG4LStYj2v5WhCruCzuMn6oD/Drw==}

  '@supabase/supabase-js@2.45.1':
    resolution: {integrity: sha512-/PVe3lXmalazD8BGMIoI7+ttvT1mLXy13lNcoAPtjP1TDDY83g8csZbVR6l+0/RZtvJxl3LGXfTJT4bjWgC5Nw==}

  '@types/node@20.11.5':
    resolution: {integrity: sha512-g557vgQjUUfN76MZAN/dt1z3dzcUsimuysco0KeluHgrPdJXkP/XdAURgyO2W9fZWHRtRBiVKzKn8vyOAwlG+w==}

  '@types/phoenix@1.6.5':
    resolution: {integrity: sha512-xegpDuR+z0UqG9fwHqNoy3rI7JDlvaPh2TY47Fl80oq6g+hXT+c/LEuE43X48clZ6lOfANl5WrPur9fYO1RJ/w==}

  '@types/uuid@10.0.0':
    resolution: {integrity: sha512-7gqG38EyHgyP1S+7+xomFtL+ZNHcKv6DwNaCZmJmo1vgMugyF3TCnXVg4t1uk89mLNwnLtnY3TpOpCOyp1/xHQ==}

  '@types/ws@8.5.12':
    resolution: {integrity: sha512-3tPRkv1EtkDpzlgyKyI8pGsGZAGPEaXeu0DOj5DI25Ja91bdAYddYHbADRYVrZMRbfW+1l5YwXVDKohDJNQxkQ==}

  cookie@0.5.0:
    resolution: {integrity: sha512-YZ3GUyn/o8gfKJlnlX7g7xq4gyO6OSuhGPKaaGssGB2qgDUS0gPgtTvoyZLTt9Ab6dC4hfc9dV5arkvc/OCmrw==}
    engines: {node: '>= 0.6'}

  effect@3.6.4:
    resolution: {integrity: sha512-nNsn+Uw/n4bHKR8w45IIuYGLCgHsQodjRPB+BHreylQJ89W3iLc/Av9CiL9uvtO/ERp4e3oy5wrTO2J2pkbRRw==}

  fast-check@3.21.0:
    resolution: {integrity: sha512-QpmbiqRFRZ+SIlBJh6xi5d/PgXciUc/xWKc4Vi2RWEHHIRx6oM3f0fWNna++zP9VB5HUBTObUK9gTKQP3vVcrQ==}
    engines: {node: '>=8.0.0'}

  prettier@3.3.3:
    resolution: {integrity: sha512-i2tDNA0O5IrMO757lfrdQZCc2jPNDVntV0m/+4whiDfWaTKfMNgR7Qz0NAeGz/nRqF4m5/6CLzbP4/liHt12Ew==}
    engines: {node: '>=14'}
    hasBin: true

  pure-rand@6.1.0:
    resolution: {integrity: sha512-bVWawvoZoBYpp6yIoQtQXHZjmz35RSVHnUOTefl8Vcjr8snTPY1wnpSPMWekcFwbxI6gtmT7rSYPFvz71ldiOA==}

  ramda@0.29.1:
    resolution: {integrity: sha512-OfxIeWzd4xdUNxlWhgFazxsA/nl3mS4/jGZI5n00uWOoSSFRhC1b6gl6xvmzUamgmqELraWp0J/qqVlXYPDPyA==}

  tr46@0.0.3:
    resolution: {integrity: sha512-N3WMsuqV66lT30CrXNbEjx4GEwlow3v6rr4mCcv6prnfwhS01rkgyFdjPNBYd9br7LpXV1+Emh01fHnq2Gdgrw==}

  typescript@5.3.3:
    resolution: {integrity: sha512-pXWcraxM0uxAS+tN0AG/BF2TyqmHO014Z070UsJ+pFvYuRSq8KH8DmWpnbXe0pEPDHXZV3FcAbJkijJ5oNEnWw==}
    engines: {node: '>=14.17'}
    hasBin: true

  undici-types@5.26.5:
    resolution: {integrity: sha512-JlCMO+ehdEIKqlFxk6IfVoAUVmgz7cU7zD/h9XZ0qzeosSHmUJVOzSQvvYSYWXkFXC+IfLKSIffhv0sVZup6pA==}

  uuid@10.0.0:
    resolution: {integrity: sha512-8XkAphELsDnEGrDxUOHB3RGvXz6TeuYSGEZBOjtTtPm2lwhGBjLgOzLHB63IUWfBpNucQjND6d3AOudO+H3RWQ==}
    hasBin: true

  webidl-conversions@3.0.1:
    resolution: {integrity: sha512-2JAn3z8AR6rjK8Sm8orRC0h/bcl/DqL7tRPdGZ4I1CjdF+EaMLmYxBHyXuKL849eucPFhvBoxMsflfOb8kxaeQ==}

  whatwg-url@5.0.0:
    resolution: {integrity: sha512-saE57nupxk6v3HY35+jzBwYa0rKSy0XR8JSxZPwgLr7ys0IBzhGviA1/TUGJLmSVqs8pb9AnvICXEuOHLprYTw==}

  ws@8.18.0:
    resolution: {integrity: sha512-8VbfWfHLbbwu3+N6OKsOMpBdT4kXPDDB9cJk2bJ6mh9ucxdlnNvH1e+roYkKmN9Nxw2yjz7VzeO9oOz2zJ04Pw==}
    engines: {node: '>=10.0.0'}
    peerDependencies:
      bufferutil: ^4.0.1
      utf-8-validate: '>=5.0.2'
    peerDependenciesMeta:
      bufferutil:
        optional: true
      utf-8-validate:
        optional: true

snapshots:

  '@effect/schema@0.71.0(effect@3.6.4)':
    dependencies:
      effect: 3.6.4
      fast-check: 3.21.0

  '@supabase/auth-js@2.64.4':
    dependencies:
      '@supabase/node-fetch': 2.6.15

  '@supabase/functions-js@2.4.1':
    dependencies:
      '@supabase/node-fetch': 2.6.15

  '@supabase/node-fetch@2.6.15':
    dependencies:
      whatwg-url: 5.0.0

  '@supabase/postgrest-js@1.15.8':
    dependencies:
      '@supabase/node-fetch': 2.6.15

  '@supabase/realtime-js@2.10.2':
    dependencies:
      '@supabase/node-fetch': 2.6.15
      '@types/phoenix': 1.6.5
      '@types/ws': 8.5.12
      ws: 8.18.0
    transitivePeerDependencies:
      - bufferutil
      - utf-8-validate

  '@supabase/ssr@0.3.0(@supabase/supabase-js@2.45.1)':
    dependencies:
      '@supabase/supabase-js': 2.45.1
      cookie: 0.5.0
      ramda: 0.29.1

  '@supabase/storage-js@2.6.0':
    dependencies:
      '@supabase/node-fetch': 2.6.15

  '@supabase/supabase-js@2.45.1':
    dependencies:
      '@supabase/auth-js': 2.64.4
      '@supabase/functions-js': 2.4.1
      '@supabase/node-fetch': 2.6.15
      '@supabase/postgrest-js': 1.15.8
      '@supabase/realtime-js': 2.10.2
      '@supabase/storage-js': 2.6.0
    transitivePeerDependencies:
      - bufferutil
      - utf-8-validate

  '@types/node@20.11.5':
    dependencies:
      undici-types: 5.26.5

  '@types/phoenix@1.6.5': {}

  '@types/uuid@10.0.0': {}

  '@types/ws@8.5.12':
    dependencies:
      '@types/node': 20.11.5

  cookie@0.5.0: {}

  effect@3.6.4: {}

  fast-check@3.21.0:
    dependencies:
      pure-rand: 6.1.0

  prettier@3.3.3: {}

  pure-rand@6.1.0: {}

  ramda@0.29.1: {}

  tr46@0.0.3: {}

  typescript@5.3.3: {}

  undici-types@5.26.5: {}

  uuid@10.0.0: {}

  webidl-conversions@3.0.1: {}

  whatwg-url@5.0.0:
    dependencies:
      tr46: 0.0.3
      webidl-conversions: 3.0.1

  ws@8.18.0: {}
